
Microsoft Visual Studio Solution File, Format Version 12.00
# Visual Studio 15
VisualStudioVersion = 15.0.28307.106
MinimumVisualStudioVersion = 10.0.40219.1
Project("{E24C65DC-7377-472B-9ABA-BC803B73C61A}") = "CifradosWebASP", "CifradosWebASP\", "{5D60E6BC-06CE-4FA2-8B67-B6F19C474394}"
	ProjectSection(WebsiteProperties) = preProject
		TargetFrameworkMoniker = ".NETFramework,Version%3Dv4.6.1"
		Debug.AspNetCompiler.VirtualPath = "/localhost_58069"
		Debug.AspNetCompiler.PhysicalPath = "CifradosWebASP\"
		Debug.AspNetCompiler.TargetPath = "PrecompiledWeb\localhost_58069\"
		Debug.AspNetCompiler.Updateable = "true"
		Debug.AspNetCompiler.ForceOverwrite = "true"
		Debug.AspNetCompiler.FixedNames = "false"
		Debug.AspNetCompiler.Debug = "True"
		Release.AspNetCompiler.VirtualPath = "/localhost_58069"
		Release.AspNetCompiler.PhysicalPath = "CifradosWebASP\"
		Release.AspNetCompiler.TargetPath = "PrecompiledWeb\localhost_58069\"
		Release.AspNetCompiler.Updateable = "true"
		Release.AspNetCompiler.ForceOverwrite = "true"
		Release.AspNetCompiler.FixedNames = "false"
		Release.AspNetCompiler.Debug = "False"
		VWDPort = "58069"
		SlnRelativePath = "CifradosWebASP\"
		DefaultWebSiteLanguage = "Visual C#"
	EndProjectSection
EndProject
Global
	GlobalSection(SolutionConfigurationPlatforms) = preSolution
		Debug|Any CPU = Debug|Any CPU
	EndGlobalSection
	GlobalSection(ProjectConfigurationPlatforms) = postSolution
		{5D60E6BC-06CE-4FA2-8B67-B6F19C474394}.Debug|Any CPU.ActiveCfg = Debug|Any CPU
		{5D60E6BC-06CE-4FA2-8B67-B6F19C474394}.Debug|Any CPU.Build.0 = Debug|Any CPU
	EndGlobalSection
	GlobalSection(SolutionProperties) = preSolution
		HideSolutionNode = FALSE
	EndGlobalSection
	GlobalSection(ExtensibilityGlobals) = postSolution
		SolutionGuid = {4AB550B5-9838-4501-A4FB-73C512DEEFDE}
	EndGlobalSection
EndGlobal
